
Microsoft Visual Studio Solution File, Format Version 12.00
# Visual Studio Version 16
VisualStudioVersion = 16.0.30114.105
MinimumVisualStudioVersion = 10.0.40219.1
Project("{FAE04EC0-301F-11D3-BF4B-00C04F79EFBC}") = "Yomu.Shared", "Yomu.Shared\Yomu.Shared.csproj", "{8F75DBF3-7330-4D2E-9157-723F544FC7A3}"
EndProject
Project("{FAE04EC0-301F-11D3-BF4B-00C04F79EFBC}") = "Yomu.Api", "Yomu.Api\Yomu.Api.csproj", "{12D98E71-DEC7-4F03-AE97-FA33398C0D9D}"
EndProject
Global
	GlobalSection(SolutionConfigurationPlatforms) = preSolution
		Debug|Any CPU = Debug|Any CPU
		Release|Any CPU = Release|Any CPU
	EndGlobalSection
	GlobalSection(SolutionProperties) = preSolution
		HideSolutionNode = FALSE
	EndGlobalSection
	GlobalSection(ProjectConfigurationPlatforms) = postSolution
		{8F75DBF3-7330-4D2E-9157-723F544FC7A3}.Debug|Any CPU.ActiveCfg = Debug|Any CPU
		{8F75DBF3-7330-4D2E-9157-723F544FC7A3}.Debug|Any CPU.Build.0 = Debug|Any CPU
		{8F75DBF3-7330-4D2E-9157-723F544FC7A3}.Release|Any CPU.ActiveCfg = Release|Any CPU
		{8F75DBF3-7330-4D2E-9157-723F544FC7A3}.Release|Any CPU.Build.0 = Release|Any CPU
		{12D98E71-DEC7-4F03-AE97-FA33398C0D9D}.Debug|Any CPU.ActiveCfg = Debug|Any CPU
		{12D98E71-DEC7-4F03-AE97-FA33398C0D9D}.Debug|Any CPU.Build.0 = Debug|Any CPU
		{12D98E71-DEC7-4F03-AE97-FA33398C0D9D}.Release|Any CPU.ActiveCfg = Release|Any CPU
		{12D98E71-DEC7-4F03-AE97-FA33398C0D9D}.Release|Any CPU.Build.0 = Release|Any CPU
	EndGlobalSection
EndGlobal
